
Microsoft Visual Studio Solution File, Format Version 12.00
# Visual Studio Version 17
VisualStudioVersion = 17.7.34024.191
MinimumVisualStudioVersion = 10.0.40219.1
Project("{F184B08F-C81C-45F6-A57F-5ABD9991F28F}") = "GoToError", "GoToError\GoToError.vbproj", "{5DFF261A-FF48-4E30-B158-3DA5CA552476}"
EndProject
Global
	GlobalSection(SolutionConfigurationPlatforms) = preSolution
		Debug|Any CPU = Debug|Any CPU
		Release|Any CPU = Release|Any CPU
	EndGlobalSection
	GlobalSection(ProjectConfigurationPlatforms) = postSolution
		{5DFF261A-FF48-4E30-B158-3DA5CA552476}.Debug|Any CPU.ActiveCfg = Debug|Any CPU
		{5DFF261A-FF48-4E30-B158-3DA5CA552476}.Debug|Any CPU.Build.0 = Debug|Any CPU
		{5DFF261A-FF48-4E30-B158-3DA5CA552476}.Release|Any CPU.ActiveCfg = Release|Any CPU
		{5DFF261A-FF48-4E30-B158-3DA5CA552476}.Release|Any CPU.Build.0 = Release|Any CPU
	EndGlobalSection
	GlobalSection(SolutionProperties) = preSolution
		HideSolutionNode = FALSE
	EndGlobalSection
	GlobalSection(ExtensibilityGlobals) = postSolution
		SolutionGuid = {3B320DF5-1939-4BA9-BB68-44C18904F672}
	EndGlobalSection
EndGlobal
